// !$*UTF8*$!
{
	archiveVersion = 1;
	classes = {
	};
	objectVersion = 50;
	objects = {

/* Begin PBXBuildFile section */
		CD3D288D22B94DD0007D0A06 /* AppDelegate.swift in Sources */ = {isa = PBXBuildFile; fileRef = CD3D288C22B94DD0007D0A06 /* AppDelegate.swift */; };
		CD3D288F22B94DD0007D0A06 /* ViewController.swift in Sources */ = {isa = PBXBuildFile; fileRef = CD3D288E22B94DD0007D0A06 /* ViewController.swift */; };
		CD3D289222B94DD0007D0A06 /* Main.storyboard in Resources */ = {isa = PBXBuildFile; fileRef = CD3D289022B94DD0007D0A06 /* Main.storyboard */; };
		CD3D289422B94DD1007D0A06 /* Assets.xcassets in Resources */ = {isa = PBXBuildFile; fileRef = CD3D289322B94DD1007D0A06 /* Assets.xcassets */; };
		CD3D289722B94DD1007D0A06 /* LaunchScreen.storyboard in Resources */ = {isa = PBXBuildFile; fileRef = CD3D289522B94DD1007D0A06 /* LaunchScreen.storyboard */; };
		CD3D28A222B94DD1007D0A06 /* helloworldTests.swift in Sources */ = {isa = PBXBuildFile; fileRef = CD3D28A122B94DD1007D0A06 /* helloworldTests.swift */; };
		CD3D28AD22B94DD1007D0A06 /* helloworldUITests.swift in Sources */ = {isa = PBXBuildFile; fileRef = CD3D28AC22B94DD1007D0A06 /* helloworldUITests.swift */; };
/* End PBXBuildFile section */

/* Begin PBXContainerItemProxy section */
		CD3D289E22B94DD1007D0A06 /* PBXContainerItemProxy */ = {
			isa = PBXContainerItemProxy;
			containerPortal = CD3D288122B94DD0007D0A06 /* Project object */;
			proxyType = 1;
			remoteGlobalIDString = CD3D288822B94DD0007D0A06;
			remoteInfo = helloworld;
		};
		CD3D28A922B94DD1007D0A06 /* PBXContainerItemProxy */ = {
			isa = PBXContainerItemProxy;
			containerPortal = CD3D288122B94DD0007D0A06 /* Project object */;
			proxyType = 1;
			remoteGlobalIDString = CD3D288822B94DD0007D0A06;
			remoteInfo = helloworld;
		};
/* End PBXContainerItemProxy section */

/* Begin PBXFileReference section */
		CD3D288922B94DD0007D0A06 /* helloworld.app */ = {isa = PBXFileReference; explicitFileType = wrapper.application; includeInIndex = 0; path = helloworld.app; sourceTree = BUILT_PRODUCTS_DIR; };
		CD3D288C22B94DD0007D0A06 /* AppDelegate.swift */ = {isa = PBXFileReference; lastKnownFileType = sourcecode.swift; path = AppDelegate.swift; sourceTree = "<group>"; };
		CD3D288E22B94DD0007D0A06 /* ViewController.swift */ = {isa = PBXFileReference; lastKnownFileType = sourcecode.swift; path = ViewController.swift; sourceTree = "<group>"; };
		CD3D289122B94DD0007D0A06 /* Base */ = {isa = PBXFileReference; lastKnownFileType = file.storyboard; name = Base; path = Base.lproj/Main.storyboard; sourceTree = "<group>"; };
		CD3D289322B94DD1007D0A06 /* Assets.xcassets */ = {isa = PBXFileReference; lastKnownFileType = folder.assetcatalog; path = Assets.xcassets; sourceTree = "<group>"; };
		CD3D289622B94DD1007D0A06 /* Base */ = {isa = PBXFileReference; lastKnownFileType = file.storyboard; name = Base; path = Base.lproj/LaunchScreen.storyboard; sourceTree = "<group>"; };
		CD3D289822B94DD1007D0A06 /* Info.plist */ = {isa = PBXFileReference; lastKnownFileType = text.plist.xml; path = Info.plist; sourceTree = "<group>"; };
		CD3D289D22B94DD1007D0A06 /* helloworldTests.xctest */ = {isa = PBXFileReference; explicitFileType = wrapper.cfbundle; includeInIndex = 0; path = helloworldTests.xctest; sourceTree = BUILT_PRODUCTS_DIR; };
		CD3D28A122B94DD1007D0A06 /* helloworldTests.swift */ = {isa = PBXFileReference; lastKnownFileType = sourcecode.swift; path = helloworldTests.swift; sourceTree = "<group>"; };
		CD3D28A322B94DD1007D0A06 /* Info.plist */ = {isa = PBXFileReference; lastKnownFileType = text.plist.xml; path = Info.plist; sourceTree = "<group>"; };
		CD3D28A822B94DD1007D0A06 /* helloworldUITests.xctest */ = {isa = PBXFileReference; explicitFileType = wrapper.cfbundle; includeInIndex = 0; path = helloworldUITests.xctest; sourceTree = BUILT_PRODUCTS_DIR; };
		CD3D28AC22B94DD1007D0A06 /* helloworldUITests.swift */ = {isa = PBXFileReference; lastKnownFileType = sourcecode.swift; path = helloworldUITests.swift; sourceTree = "<group>"; };
		CD3D28AE22B94DD1007D0A06 /* Info.plist */ = {isa = PBXFileReference; lastKnownFileType = text.plist.xml; path = Info.plist; sourceTree = "<group>"; };
/* End PBXFileReference section */

/* Begin PBXFrameworksBuildPhase section */
		CD3D288622B94DD0007D0A06 /* Frameworks */ = {
			isa = PBXFrameworksBuildPhase;
			buildActionMask = 2147483647;
			files = (
			);
			runOnlyForDeploymentPostprocessing = 0;
		};
		CD3D289A22B94DD1007D0A06 /* Frameworks */ = {
			isa = PBXFrameworksBuildPhase;
			buildActionMask = 2147483647;
			files = (
			);
			runOnlyForDeploymentPostprocessing = 0;
		};
		CD3D28A522B94DD1007D0A06 /* Frameworks */ = {
			isa = PBXFrameworksBuildPhase;
			buildActionMask = 2147483647;
			files = (
			);
			runOnlyForDeploymentPostprocessing = 0;
		};
/* End PBXFrameworksBuildPhase section */

/* Begin PBXGroup section */
		CD3D288022B94DD0007D0A06 = {
			isa = PBXGroup;
			children = (
				CD3D288B22B94DD0007D0A06 /* helloworld */,
				CD3D28A022B94DD1007D0A06 /* helloworldTests */,
				CD3D28AB22B94DD1007D0A06 /* helloworldUITests */,
				CD3D288A22B94DD0007D0A06 /* Products */,
			);
			sourceTree = "<group>";
		};
		CD3D288A22B94DD0007D0A06 /* Products */ = {
			isa = PBXGroup;
			children = (
				CD3D288922B94DD0007D0A06 /* helloworld.app */,
				CD3D289D22B94DD1007D0A06 /* helloworldTests.xctest */,
				CD3D28A822B94DD1007D0A06 /* helloworldUITests.xctest */,
			);
			name = Products;
			sourceTree = "<group>";
		};
		CD3D288B22B94DD0007D0A06 /* helloworld */ = {
			isa = PBXGroup;
			children = (
				CD3D288C22B94DD0007D0A06 /* AppDelegate.swift */,
				CD3D288E22B94DD0007D0A06 /* ViewController.swift */,
				CD3D289022B94DD0007D0A06 /* Main.storyboard */,
				CD3D289322B94DD1007D0A06 /* Assets.xcassets */,
				CD3D289522B94DD1007D0A06 /* LaunchScreen.storyboard */,
				CD3D289822B94DD1007D0A06 /* Info.plist */,
			);
			path = helloworld;
			sourceTree = "<group>";
		};
		CD3D28A022B94DD1007D0A06 /* helloworldTests */ = {
			isa = PBXGroup;
			children = (
				CD3D28A122B94DD1007D0A06 /* helloworldTests.swift */,
				CD3D28A322B94DD1007D0A06 /* Info.plist */,
			);
			path = helloworldTests;
			sourceTree = "<group>";
		};
		CD3D28AB22B94DD1007D0A06 /* helloworldUITests */ = {
			isa = PBXGroup;
			children = (
				CD3D28AC22B94DD1007D0A06 /* helloworldUITests.swift */,
				CD3D28AE22B94DD1007D0A06 /* Info.plist */,
			);
			path = helloworldUITests;
			sourceTree = "<group>";
		};
/* End PBXGroup section */

/* Begin PBXNativeTarget section */
		CD3D288822B94DD0007D0A06 /* helloworld */ = {
			isa = PBXNativeTarget;
			buildConfigurationList = CD3D28B122B94DD1007D0A06 /* Build configuration list for PBXNativeTarget "helloworld" */;
			buildPhases = (
				CD3D288522B94DD0007D0A06 /* Sources */,
				CD3D288622B94DD0007D0A06 /* Frameworks */,
				CD3D288722B94DD0007D0A06 /* Resources */,
			);
			buildRules = (
			);
			dependencies = (
			);
			name = helloworld;
			productName = helloworld;
			productReference = CD3D288922B94DD0007D0A06 /* helloworld.app */;
			productType = "com.apple.product-type.application";
		};
		CD3D289C22B94DD1007D0A06 /* helloworldTests */ = {
			isa = PBXNativeTarget;
			buildConfigurationList = CD3D28B422B94DD1007D0A06 /* Build configuration list for PBXNativeTarget "helloworldTests" */;
			buildPhases = (
				CD3D289922B94DD1007D0A06 /* Sources */,
				CD3D289A22B94DD1007D0A06 /* Frameworks */,
				CD3D289B22B94DD1007D0A06 /* Resources */,
			);
			buildRules = (
			);
			dependencies = (
				CD3D289F22B94DD1007D0A06 /* PBXTargetDependency */,
			);
			name = helloworldTests;
			productName = helloworldTests;
			productReference = CD3D289D22B94DD1007D0A06 /* helloworldTests.xctest */;
			productType = "com.apple.product-type.bundle.unit-test";
		};
		CD3D28A722B94DD1007D0A06 /* helloworldUITests */ = {
			isa = PBXNativeTarget;
			buildConfigurationList = CD3D28B722B94DD1007D0A06 /* Build configuration list for PBXNativeTarget "helloworldUITests" */;
			buildPhases = (
				CD3D28A422B94DD1007D0A06 /* Sources */,
				CD3D28A522B94DD1007D0A06 /* Frameworks */,
				CD3D28A622B94DD1007D0A06 /* Resources */,
			);
			buildRules = (
			);
			dependencies = (
				CD3D28AA22B94DD1007D0A06 /* PBXTargetDependency */,
			);
			name = helloworldUITests;
			productName = helloworldUITests;
			productReference = CD3D28A822B94DD1007D0A06 /* helloworldUITests.xctest */;
			productType = "com.apple.product-type.bundle.ui-testing";
		};
/* End PBXNativeTarget section */

/* Begin PBXProject section */
		CD3D288122B94DD0007D0A06 /* Project object */ = {
			isa = PBXProject;
			attributes = {
				LastSwiftUpdateCheck = 1020;
				LastUpgradeCheck = 1020;
				ORGANIZATIONNAME = lilhead3;
				TargetAttributes = {
					CD3D288822B94DD0007D0A06 = {
						CreatedOnToolsVersion = 10.2.1;
					};
					CD3D289C22B94DD1007D0A06 = {
						CreatedOnToolsVersion = 10.2.1;
						TestTargetID = CD3D288822B94DD0007D0A06;
					};
					CD3D28A722B94DD1007D0A06 = {
						CreatedOnToolsVersion = 10.2.1;
						TestTargetID = CD3D288822B94DD0007D0A06;
					};
				};
			};
			buildConfigurationList = CD3D288422B94DD0007D0A06 /* Build configuration list for PBXProject "helloworld" */;
			compatibilityVersion = "Xcode 9.3";
			developmentRegion = en;
			hasScannedForEncodings = 0;
			knownRegions = (
				en,
				Base,
			);
			mainGroup = CD3D288022B94DD0007D0A06;
			productRefGroup = CD3D288A22B94DD0007D0A06 /* Products */;
			projectDirPath = "";
			projectRoot = "";
			targets = (
				CD3D288822B94DD0007D0A06 /* helloworld */,
				CD3D289C22B94DD1007D0A06 /* helloworldTests */,
				CD3D28A722B94DD1007D0A06 /* helloworldUITests */,
			);
		};
/* End PBXProject section */

/* Begin PBXResourcesBuildPhase section */
		CD3D288722B94DD0007D0A06 /* Resources */ = {
			isa = PBXResourcesBuildPhase;
			buildActionMask = 2147483647;
			files = (
				CD3D289722B94DD1007D0A06 /* LaunchScreen.storyboard in Resources */,
				CD3D289422B94DD1007D0A06 /* Assets.xcassets in Resources */,
				CD3D289222B94DD0007D0A06 /* Main.storyboard in Resources */,
			);
			runOnlyForDeploymentPostprocessing = 0;
		};
		CD3D289B22B94DD1007D0A06 /* Resources */ = {
			isa = PBXResourcesBuildPhase;
			buildActionMask = 2147483647;
			files = (
			);
			runOnlyForDeploymentPostprocessing = 0;
		};
		CD3D28A622B94DD1007D0A06 /* Resources */ = {
			isa = PBXResourcesBuildPhase;
			buildActionMask = 2147483647;
			files = (
			);
			runOnlyForDeploymentPostprocessing = 0;
		};
/* End PBXResourcesBuildPhase section */

/* Begin PBXSourcesBuildPhase section */
		CD3D288522B94DD0007D0A06 /* Sources */ = {
			isa = PBXSourcesBuildPhase;
			buildActionMask = 2147483647;
			files = (
				CD3D288F22B94DD0007D0A06 /* ViewController.swift in Sources */,
				CD3D288D22B94DD0007D0A06 /* AppDelegate.swift in Sources */,
			);
			runOnlyForDeploymentPostprocessing = 0;
		};
		CD3D289922B94DD1007D0A06 /* Sources */ = {
			isa = PBXSourcesBuildPhase;
			buildActionMask = 2147483647;
			files = (
				CD3D28A222B94DD1007D0A06 /* helloworldTests.swift in Sources */,
			);
			runOnlyForDeploymentPostprocessing = 0;
		};
		CD3D28A422B94DD1007D0A06 /* Sources */ = {
			isa = PBXSourcesBuildPhase;
			buildActionMask = 2147483647;
			files = (
				CD3D28AD22B94DD1007D0A06 /* helloworldUITests.swift in Sources */,
			);
			runOnlyForDeploymentPostprocessing = 0;
		};
/* End PBXSourcesBuildPhase section */

/* Begin PBXTargetDependency section */
		CD3D289F22B94DD1007D0A06 /* PBXTargetDependency */ = {
			isa = PBXTargetDependency;
			target = CD3D288822B94DD0007D0A06 /* helloworld */;
			targetProxy = CD3D289E22B94DD1007D0A06 /* PBXContainerItemProxy */;
		};
		CD3D28AA22B94DD1007D0A06 /* PBXTargetDependency */ = {
			isa = PBXTargetDependency;
			target = CD3D288822B94DD0007D0A06 /* helloworld */;
			targetProxy = CD3D28A922B94DD1007D0A06 /* PBXContainerItemProxy */;
		};
/* End PBXTargetDependency section */

/* Begin PBXVariantGroup section */
		CD3D289022B94DD0007D0A06 /* Main.storyboard */ = {
			isa = PBXVariantGroup;
			children = (
				CD3D289122B94DD0007D0A06 /* Base */,
			);
			name = Main.storyboard;
			sourceTree = "<group>";
		};
		CD3D289522B94DD1007D0A06 /* LaunchScreen.storyboard */ = {
			isa = PBXVariantGroup;
			children = (
				CD3D289622B94DD1007D0A06 /* Base */,
			);
			name = LaunchScreen.storyboard;
			sourceTree = "<group>";
		};
/* End PBXVariantGroup section */

/* Begin XCBuildConfiguration section */
		CD3D28AF22B94DD1007D0A06 /* Debug */ = {
			isa = XCBuildConfiguration;
			buildSettings = {
				ALWAYS_SEARCH_USER_PATHS = NO;
				CLANG_ANALYZER_NONNULL = YES;
				CLANG_ANALYZER_NUMBER_OBJECT_CONVERSION = YES_AGGRESSIVE;
				CLANG_CXX_LANGUAGE_STANDARD = "gnu++14";
				CLANG_CXX_LIBRARY = "libc++";
				CLANG_ENABLE_MODULES = YES;
				CLANG_ENABLE_OBJC_ARC = YES;
				CLANG_ENABLE_OBJC_WEAK = YES;
				CLANG_WARN_BLOCK_CAPTURE_AUTORELEASING = YES;
				CLANG_WARN_BOOL_CONVERSION = YES;
				CLANG_WARN_COMMA = YES;
				CLANG_WARN_CONSTANT_CONVERSION = YES;
				CLANG_WARN_DEPRECATED_OBJC_IMPLEMENTATIONS = YES;
				CLANG_WARN_DIRECT_OBJC_ISA_USAGE = YES_ERROR;
				CLANG_WARN_DOCUMENTATION_COMMENTS = YES;
				CLANG_WARN_EMPTY_BODY = YES;
				CLANG_WARN_ENUM_CONVERSION = YES;
				CLANG_WARN_INFINITE_RECURSION = YES;
				CLANG_WARN_INT_CONVERSION = YES;
				CLANG_WARN_NON_LITERAL_NULL_CONVERSION = YES;
				CLANG_WARN_OBJC_IMPLICIT_RETAIN_SELF = YES;
				CLANG_WARN_OBJC_LITERAL_CONVERSION = YES;
				CLANG_WARN_OBJC_ROOT_CLASS = YES_ERROR;
				CLANG_WARN_RANGE_LOOP_ANALYSIS = YES;
				CLANG_WARN_STRICT_PROTOTYPES = YES;
				CLANG_WARN_SUSPICIOUS_MOVE = YES;
				CLANG_WARN_UNGUARDED_AVAILABILITY = YES_AGGRESSIVE;
				CLANG_WARN_UNREACHABLE_CODE = YES;
				CLANG_WARN__DUPLICATE_METHOD_MATCH = YES;
				CODE_SIGN_IDENTITY = "iPhone Developer";
				COPY_PHASE_STRIP = NO;
				DEBUG_INFORMATION_FORMAT = dwarf;
				ENABLE_STRICT_OBJC_MSGSEND = YES;
				ENABLE_TESTABILITY = YES;
				GCC_C_LANGUAGE_STANDARD = gnu11;
				GCC_DYNAMIC_NO_PIC = NO;
				GCC_NO_COMMON_BLOCKS = YES;
				GCC_OPTIMIZATION_LEVEL = 0;
				GCC_PREPROCESSOR_DEFINITIONS = (
					"DEBUG=1",
					"$(inherited)",
				);
				GCC_WARN_64_TO_32_BIT_CONVERSION = YES;
				GCC_WARN_ABOUT_RETURN_TYPE = YES_ERROR;
				GCC_WARN_UNDECLARED_SELECTOR = YES;
				GCC_WARN_UNINITIALIZED_AUTOS = YES_AGGRESSIVE;
				GCC_WARN_UNUSED_FUNCTION = YES;
				GCC_WARN_UNUSED_VARIABLE = YES;
				IPHONEOS_DEPLOYMENT_TARGET = 12.2;
				MTL_ENABLE_DEBUG_INFO = INCLUDE_SOURCE;
				MTL_FAST_MATH = YES;
				ONLY_ACTIVE_ARCH = YES;
				SDKROOT = iphoneos;
				SWIFT_ACTIVE_COMPILATION_CONDITIONS = DEBUG;
				SWIFT_OPTIMIZATION_LEVEL = "-Onone";
			};
			name = Debug;
		};
		CD3D28B022B94DD1007D0A06 /* Release */ = {
			isa = XCBuildConfiguration;
			buildSettings = {
				ALWAYS_SEARCH_USER_PATHS = NO;
				CLANG_ANALYZER_NONNULL = YES;
				CLANG_ANALYZER_NUMBER_OBJECT_CONVERSION = YES_AGGRESSIVE;
				CLANG_CXX_LANGUAGE_STANDARD = "gnu++14";
				CLANG_CXX_LIBRARY = "libc++";
				CLANG_ENABLE_MODULES = YES;
				CLANG_ENABLE_OBJC_ARC = YES;
				CLANG_ENABLE_OBJC_WEAK = YES;
				CLANG_WARN_BLOCK_CAPTURE_AUTORELEASING = YES;
				CLANG_WARN_BOOL_CONVERSION = YES;
				CLANG_WARN_COMMA = YES;
				CLANG_WARN_CONSTANT_CONVERSION = YES;
				CLANG_WARN_DEPRECATED_OBJC_IMPLEMENTATIONS = YES;
				CLANG_WARN_DIRECT_OBJC_ISA_USAGE = YES_ERROR;
				CLANG_WARN_DOCUMENTATION_COMMENTS = YES;
				CLANG_WARN_EMPTY_BODY = YES;
				CLANG_WARN_ENUM_CONVERSION = YES;
				CLANG_WARN_INFINITE_RECURSION = YES;
				CLANG_WARN_INT_CONVERSION = YES;
				CLANG_WARN_NON_LITERAL_NULL_CONVERSION = YES;
				CLANG_WARN_OBJC_IMPLICIT_RETAIN_SELF = YES;
				CLANG_WARN_OBJC_LITERAL_CONVERSION = YES;
				CLANG_WARN_OBJC_ROOT_CLASS = YES_ERROR;
				CLANG_WARN_RANGE_LOOP_ANALYSIS = YES;
				CLANG_WARN_STRICT_PROTOTYPES = YES;
				CLANG_WARN_SUSPICIOUS_MOVE = YES;
				CLANG_WARN_UNGUARDED_AVAILABILITY = YES_AGGRESSIVE;
				CLANG_WARN_UNREACHABLE_CODE = YES;
				CLANG_WARN__DUPLICATE_METHOD_MATCH = YES;
				CODE_SIGN_IDENTITY = "iPhone Developer";
				COPY_PHASE_STRIP = NO;
				DEBUG_INFORMATION_FORMAT = "dwarf-with-dsym";
				ENABLE_NS_ASSERTIONS = NO;
				ENABLE_STRICT_OBJC_MSGSEND = YES;
				GCC_C_LANGUAGE_STANDARD = gnu11;
				GCC_NO_COMMON_BLOCKS = YES;
				GCC_WARN_64_TO_32_BIT_CONVERSION = YES;
				GCC_WARN_ABOUT_RETURN_TYPE = YES_ERROR;
				GCC_WARN_UNDECLARED_SELECTOR = YES;
				GCC_WARN_UNINITIALIZED_AUTOS = YES_AGGRESSIVE;
				GCC_WARN_UNUSED_FUNCTION = YES;
				GCC_WARN_UNUSED_VARIABLE = YES;
				IPHONEOS_DEPLOYMENT_TARGET = 12.2;
				MTL_ENABLE_DEBUG_INFO = NO;
				MTL_FAST_MATH = YES;
				SDKROOT = iphoneos;
				SWIFT_COMPILATION_MODE = wholemodule;
				SWIFT_OPTIMIZATION_LEVEL = "-O";
				VALIDATE_PRODUCT = YES;
			};
			name = Release;
		};
		CD3D28B222B94DD1007D0A06 /* Debug */ = {
			isa = XCBuildConfiguration;
			buildSettings = {
				ASSETCATALOG_COMPILER_APPICON_NAME = AppIcon;
				CODE_SIGN_STYLE = Automatic;
				INFOPLIST_FILE = helloworld/Info.plist;
				LD_RUNPATH_SEARCH_PATHS = (
					"$(inherited)",
					"@executable_path/Frameworks",
				);
				PRODUCT_BUNDLE_IDENTIFIER = com.lilhead3.helloworld;
				PRODUCT_NAME = "$(TARGET_NAME)";
				SWIFT_VERSION = 5.0;
				TARGETED_DEVICE_FAMILY = "1,2";
			};
			name = Debug;
		};
		CD3D28B322B94DD1007D0A06 /* Release */ = {
			isa = XCBuildConfiguration;
			buildSettings = {
				ASSETCATALOG_COMPILER_APPICON_NAME = AppIcon;
				CODE_SIGN_STYLE = Automatic;
				INFOPLIST_FILE = helloworld/Info.plist;
				LD_RUNPATH_SEARCH_PATHS = (
					"$(inherited)",
					"@executable_path/Frameworks",
				);
				PRODUCT_BUNDLE_IDENTIFIER = com.lilhead3.helloworld;
				PRODUCT_NAME = "$(TARGET_NAME)";
				SWIFT_VERSION = 5.0;
				TARGETED_DEVICE_FAMILY = "1,2";
			};
			name = Release;
		};
		CD3D28B522B94DD1007D0A06 /* Debug */ = {
			isa = XCBuildConfiguration;
			buildSettings = {
				ALWAYS_EMBED_SWIFT_STANDARD_LIBRARIES = YES;
				BUNDLE_LOADER = "$(TEST_HOST)";
				CODE_SIGN_STYLE = Automatic;
				INFOPLIST_FILE = helloworldTests/Info.plist;
				LD_RUNPATH_SEARCH_PATHS = (
					"$(inherited)",
					"@executable_path/Frameworks",
					"@loader_path/Frameworks",
				);
				PRODUCT_BUNDLE_IDENTIFIER = com.lilhead3.helloworldTests;
				PRODUCT_NAME = "$(TARGET_NAME)";
				SWIFT_VERSION = 5.0;
				TARGETED_DEVICE_FAMILY = "1,2";
				TEST_HOST = "$(BUILT_PRODUCTS_DIR)/helloworld.app/helloworld";
			};
			name = Debug;
		};
		CD3D28B622B94DD1007D0A06 /* Release */ = {
			isa = XCBuildConfiguration;
			buildSettings = {
				ALWAYS_EMBED_SWIFT_STANDARD_LIBRARIES = YES;
				BUNDLE_LOADER = "$(TEST_HOST)";
				CODE_SIGN_STYLE = Automatic;
				INFOPLIST_FILE = helloworldTests/Info.plist;
				LD_RUNPATH_SEARCH_PATHS = (
					"$(inherited)",
					"@executable_path/Frameworks",
					"@loader_path/Frameworks",
				);
				PRODUCT_BUNDLE_IDENTIFIER = com.lilhead3.helloworldTests;
				PRODUCT_NAME = "$(TARGET_NAME)";
				SWIFT_VERSION = 5.0;
				TARGETED_DEVICE_FAMILY = "1,2";
				TEST_HOST = "$(BUILT_PRODUCTS_DIR)/helloworld.app/helloworld";
			};
			name = Release;
		};
		CD3D28B822B94DD1007D0A06 /* Debug */ = {
			isa = XCBuildConfiguration;
			buildSettings = {
				ALWAYS_EMBED_SWIFT_STANDARD_LIBRARIES = YES;
				CODE_SIGN_STYLE = Automatic;
				INFOPLIST_FILE = helloworldUITests/Info.plist;
				LD_RUNPATH_SEARCH_PATHS = (
					"$(inherited)",
					"@executable_path/Frameworks",
					"@loader_path/Frameworks",
				);
				PRODUCT_BUNDLE_IDENTIFIER = com.lilhead3.helloworldUITests;
				PRODUCT_NAME = "$(TARGET_NAME)";
				SWIFT_VERSION = 5.0;
				TARGETED_DEVICE_FAMILY = "1,2";
				TEST_TARGET_NAME = helloworld;
			};
			name = Debug;
		};
		CD3D28B922B94DD1007D0A06 /* Release */ = {
			isa = XCBuildConfiguration;
			buildSettings = {
				ALWAYS_EMBED_SWIFT_STANDARD_LIBRARIES = YES;
				CODE_SIGN_STYLE = Automatic;
				INFOPLIST_FILE = helloworldUITests/Info.plist;
				LD_RUNPATH_SEARCH_PATHS = (
					"$(inherited)",
					"@executable_path/Frameworks",
					"@loader_path/Frameworks",
				);
				PRODUCT_BUNDLE_IDENTIFIER = com.lilhead3.helloworldUITests;
				PRODUCT_NAME = "$(TARGET_NAME)";
				SWIFT_VERSION = 5.0;
				TARGETED_DEVICE_FAMILY = "1,2";
				TEST_TARGET_NAME = helloworld;
			};
			name = Release;
		};
/* End XCBuildConfiguration section */

/* Begin XCConfigurationList section */
		CD3D288422B94DD0007D0A06 /* Build configuration list for PBXProject "helloworld" */ = {
			isa = XCConfigurationList;
			buildConfigurations = (
				CD3D28AF22B94DD1007D0A06 /* Debug */,
				CD3D28B022B94DD1007D0A06 /* Release */,
			);
			defaultConfigurationIsVisible = 0;
			defaultConfigurationName = Release;
		};
		CD3D28B122B94DD1007D0A06 /* Build configuration list for PBXNativeTarget "helloworld" */ = {
			isa = XCConfigurationList;
			buildConfigurations = (
				CD3D28B222B94DD1007D0A06 /* Debug */,
				CD3D28B322B94DD1007D0A06 /* Release */,
			);
			defaultConfigurationIsVisible = 0;
			defaultConfigurationName = Release;
		};
		CD3D28B422B94DD1007D0A06 /* Build configuration list for PBXNativeTarget "helloworldTests" */ = {
			isa = XCConfigurationList;
			buildConfigurations = (
				CD3D28B522B94DD1007D0A06 /* Debug */,
				CD3D28B622B94DD1007D0A06 /* Release */,
			);
			defaultConfigurationIsVisible = 0;
			defaultConfigurationName = Release;
		};
		CD3D28B722B94DD1007D0A06 /* Build configuration list for PBXNativeTarget "helloworldUITests" */ = {
			isa = XCConfigurationList;
			buildConfigurations = (
				CD3D28B822B94DD1007D0A06 /* Debug */,
				CD3D28B922B94DD1007D0A06 /* Release */,
			);
			defaultConfigurationIsVisible = 0;
			defaultConfigurationName = Release;
		};
/* End XCConfigurationList section */
	};
	rootObject = CD3D288122B94DD0007D0A06 /* Project object */;
}
